# THIS IS AN AUTOGENERATED FILE. DO NOT EDIT THIS FILE DIRECTLY.
# yarn lockfile v1


"@rails/actioncable@^6.0.0":
  version "6.0.2"
  resolved "https://registry.yarnpkg.com/@rails/actioncable/-/actioncable-6.0.2.tgz#bcba9bcd6ee09a47c6628336e07399a68ca87814"
  integrity sha512-vN78gohsXPlC5jxBHlmiwkUI9bv6SulcZaE72kAIg/G4ou+wTdiMWPJK1bf2IxUNf+sfOjhl+tbRmY4AzJcgrw==

"@rails/activestorage@^6.0.0":
  version "6.0.2"
  resolved "https://registry.yarnpkg.com/@rails/activestorage/-/activestorage-6.0.2.tgz#3882da2716d1f21091840fc52b71091d406a9c43"
  integrity sha512-X0uGBLNsSKvVw5n93rH7k+7rbxc3Cq7p0ShiQbrk1cN0xflGjElzEJRY3okZZHsKkCV+h6rFCk0BOBVrLSrJ0A==
  dependencies:
    spark-md5 "^3.0.0"

"@rails/ujs@^6.0.0":
  version "6.0.2"
  resolved "https://registry.yarnpkg.com/@rails/ujs/-/ujs-6.0.2.tgz#8d32452d51c5e115374a218fb5475803dc17f4c0"
  integrity sha512-KSQjJG8yzSWC1IT+UtFQglefABU37hpJ7uAz39K1/iWtoaJaI9ydGIaxxpJBT/PmYv4kS6lCSjXq13DELeJocw==

spark-md5@^3.0.0:
  version "3.0.0"
  resolved "https://registry.yarnpkg.com/spark-md5/-/spark-md5-3.0.0.tgz#3722227c54e2faf24b1dc6d933cc144e6f71bfef"
  integrity sha1-NyIifFTi+vJLHcbZM8wUTm9xv+8=

turbolinks@^5.2.0:
  version "5.2.0"
  resolved "https://registry.yarnpkg.com/turbolinks/-/turbolinks-5.2.0.tgz#e6877a55ea5c1cb3bb225f0a4ae303d6d32ff77c"
  integrity sha512-pMiez3tyBo6uRHFNNZoYMmrES/IaGgMhQQM+VFF36keryjb5ms0XkVpmKHkfW/4Vy96qiGW3K9bz0tF5sK9bBw==
